
Microsoft Visual Studio Solution File, Format Version 12.00
# Visual Studio 14
VisualStudioVersion = 14.0.22823.1
MinimumVisualStudioVersion = 10.0.40219.1
Project("{F2A71F9B-5D33-465A-A702-920D77279786}") = "Approval", "Approval\Approval.fsproj", "{D74E42C4-F38C-4BBA-89AE-5FB51F6D10EC}"
EndProject
Project("{FAE04EC0-301F-11D3-BF4B-00C04F79EFBC}") = "Approval.Test", "Approval.Test\Approval.Test.csproj", "{31B2862F-623E-4BA4-8A40-E529CF86EDA3}"
EndProject
Project("{FAE04EC0-301F-11D3-BF4B-00C04F79EFBC}") = "Domain.Infrastructure", "Domain.Infrastructure\Domain.Infrastructure.csproj", "{DCA8A029-1B24-4E87-BA18-9919427556DA}"
EndProject
Global
	GlobalSection(SolutionConfigurationPlatforms) = preSolution
		Debug|Any CPU = Debug|Any CPU
		Release|Any CPU = Release|Any CPU
	EndGlobalSection
	GlobalSection(ProjectConfigurationPlatforms) = postSolution
		{D74E42C4-F38C-4BBA-89AE-5FB51F6D10EC}.Debug|Any CPU.ActiveCfg = Debug|Any CPU
		{D74E42C4-F38C-4BBA-89AE-5FB51F6D10EC}.Debug|Any CPU.Build.0 = Debug|Any CPU
		{D74E42C4-F38C-4BBA-89AE-5FB51F6D10EC}.Release|Any CPU.ActiveCfg = Release|Any CPU
		{D74E42C4-F38C-4BBA-89AE-5FB51F6D10EC}.Release|Any CPU.Build.0 = Release|Any CPU
		{31B2862F-623E-4BA4-8A40-E529CF86EDA3}.Debug|Any CPU.ActiveCfg = Debug|Any CPU
		{31B2862F-623E-4BA4-8A40-E529CF86EDA3}.Debug|Any CPU.Build.0 = Debug|Any CPU
		{31B2862F-623E-4BA4-8A40-E529CF86EDA3}.Release|Any CPU.ActiveCfg = Release|Any CPU
		{31B2862F-623E-4BA4-8A40-E529CF86EDA3}.Release|Any CPU.Build.0 = Release|Any CPU
		{DCA8A029-1B24-4E87-BA18-9919427556DA}.Debug|Any CPU.ActiveCfg = Debug|Any CPU
		{DCA8A029-1B24-4E87-BA18-9919427556DA}.Debug|Any CPU.Build.0 = Debug|Any CPU
		{DCA8A029-1B24-4E87-BA18-9919427556DA}.Release|Any CPU.ActiveCfg = Release|Any CPU
		{DCA8A029-1B24-4E87-BA18-9919427556DA}.Release|Any CPU.Build.0 = Release|Any CPU
	EndGlobalSection
	GlobalSection(SolutionProperties) = preSolution
		HideSolutionNode = FALSE
	EndGlobalSection
EndGlobal
